// !$*UTF8*$!
{
	archiveVersion = 1;
	classes = {
	};
	objectVersion = 56;
	objects = {

/* Begin PBXBuildFile section */
		ADAF46702AB358BB002D2AFB /* StockAppApp.swift in Sources */ = {isa = PBXBuildFile; fileRef = ADAF466F2AB358BB002D2AFB /* StockAppApp.swift */; };
		ADAF46722AB358BB002D2AFB /* StockListView.swift in Sources */ = {isa = PBXBuildFile; fileRef = ADAF46712AB358BB002D2AFB /* StockListView.swift */; };
		ADAF46742AB358BD002D2AFB /* Assets.xcassets in Resources */ = {isa = PBXBuildFile; fileRef = ADAF46732AB358BD002D2AFB /* Assets.xcassets */; };
		ADAF46772AB358BD002D2AFB /* Preview Assets.xcassets in Resources */ = {isa = PBXBuildFile; fileRef = ADAF46762AB358BD002D2AFB /* Preview Assets.xcassets */; };
		ADAF46802AB358ED002D2AFB /* StockNetworkManager.swift in Sources */ = {isa = PBXBuildFile; fileRef = ADAF467F2AB358ED002D2AFB /* StockNetworkManager.swift */; };
		ADAF46832AB3592B002D2AFB /* Stock.swift in Sources */ = {isa = PBXBuildFile; fileRef = ADAF46822AB3592B002D2AFB /* Stock.swift */; };
		ADAF46852AB35B29002D2AFB /* StockListViewModel.swift in Sources */ = {isa = PBXBuildFile; fileRef = ADAF46842AB35B29002D2AFB /* StockListViewModel.swift */; };
		ADAF46892AB3753C002D2AFB /* UpperCaseWrapper.swift in Sources */ = {isa = PBXBuildFile; fileRef = ADAF46882AB3753C002D2AFB /* UpperCaseWrapper.swift */; };
		ADAF468C2AB37D3D002D2AFB /* ContentView.swift in Sources */ = {isa = PBXBuildFile; fileRef = ADAF468B2AB37D3D002D2AFB /* ContentView.swift */; };
		ADAF468E2AB38045002D2AFB /* SearchBarView.swift in Sources */ = {isa = PBXBuildFile; fileRef = ADAF468D2AB38045002D2AFB /* SearchBarView.swift */; };
/* End PBXBuildFile section */

/* Begin PBXFileReference section */
		ADAF466C2AB358BB002D2AFB /* StockApp.app */ = {isa = PBXFileReference; explicitFileType = wrapper.application; includeInIndex = 0; path = StockApp.app; sourceTree = BUILT_PRODUCTS_DIR; };
		ADAF466F2AB358BB002D2AFB /* StockAppApp.swift */ = {isa = PBXFileReference; lastKnownFileType = sourcecode.swift; path = StockAppApp.swift; sourceTree = "<group>"; };
		ADAF46712AB358BB002D2AFB /* StockListView.swift */ = {isa = PBXFileReference; lastKnownFileType = sourcecode.swift; path = StockListView.swift; sourceTree = "<group>"; };
		ADAF46732AB358BD002D2AFB /* Assets.xcassets */ = {isa = PBXFileReference; lastKnownFileType = folder.assetcatalog; path = Assets.xcassets; sourceTree = "<group>"; };
		ADAF46762AB358BD002D2AFB /* Preview Assets.xcassets */ = {isa = PBXFileReference; lastKnownFileType = folder.assetcatalog; path = "Preview Assets.xcassets"; sourceTree = "<group>"; };
		ADAF467F2AB358ED002D2AFB /* StockNetworkManager.swift */ = {isa = PBXFileReference; lastKnownFileType = sourcecode.swift; path = StockNetworkManager.swift; sourceTree = "<group>"; };
		ADAF46822AB3592B002D2AFB /* Stock.swift */ = {isa = PBXFileReference; lastKnownFileType = sourcecode.swift; path = Stock.swift; sourceTree = "<group>"; };
		ADAF46842AB35B29002D2AFB /* StockListViewModel.swift */ = {isa = PBXFileReference; lastKnownFileType = sourcecode.swift; path = StockListViewModel.swift; sourceTree = "<group>"; };
		ADAF46882AB3753C002D2AFB /* UpperCaseWrapper.swift */ = {isa = PBXFileReference; lastKnownFileType = sourcecode.swift; path = UpperCaseWrapper.swift; sourceTree = "<group>"; };
		ADAF468B2AB37D3D002D2AFB /* ContentView.swift */ = {isa = PBXFileReference; lastKnownFileType = sourcecode.swift; path = ContentView.swift; sourceTree = "<group>"; };
		ADAF468D2AB38045002D2AFB /* SearchBarView.swift */ = {isa = PBXFileReference; lastKnownFileType = sourcecode.swift; path = SearchBarView.swift; sourceTree = "<group>"; };
/* End PBXFileReference section */

/* Begin PBXFrameworksBuildPhase section */
		ADAF46692AB358BB002D2AFB /* Frameworks */ = {
			isa = PBXFrameworksBuildPhase;
			buildActionMask = 2147483647;
			files = (
			);
			runOnlyForDeploymentPostprocessing = 0;
		};
/* End PBXFrameworksBuildPhase section */

/* Begin PBXGroup section */
		ADAF46632AB358BB002D2AFB = {
			isa = PBXGroup;
			children = (
				ADAF466E2AB358BB002D2AFB /* StockApp */,
				ADAF466D2AB358BB002D2AFB /* Products */,
			);
			sourceTree = "<group>";
		};
		ADAF466D2AB358BB002D2AFB /* Products */ = {
			isa = PBXGroup;
			children = (
				ADAF466C2AB358BB002D2AFB /* StockApp.app */,
			);
			name = Products;
			sourceTree = "<group>";
		};
		ADAF466E2AB358BB002D2AFB /* StockApp */ = {
			isa = PBXGroup;
			children = (
				ADAF46872AB37523002D2AFB /* PropertyWrapper */,
				ADAF46862AB35C6D002D2AFB /* Views */,
				ADAF46812AB35923002D2AFB /* Models */,
				ADAF467E2AB358CD002D2AFB /* Viewmodels */,
				ADAF467D2AB358C3002D2AFB /* Service */,
				ADAF466F2AB358BB002D2AFB /* StockAppApp.swift */,
				ADAF46732AB358BD002D2AFB /* Assets.xcassets */,
				ADAF46752AB358BD002D2AFB /* Preview Content */,
			);
			path = StockApp;
			sourceTree = "<group>";
		};
		ADAF46752AB358BD002D2AFB /* Preview Content */ = {
			isa = PBXGroup;
			children = (
				ADAF46762AB358BD002D2AFB /* Preview Assets.xcassets */,
			);
			path = "Preview Content";
			sourceTree = "<group>";
		};
		ADAF467D2AB358C3002D2AFB /* Service */ = {
			isa = PBXGroup;
			children = (
				ADAF467F2AB358ED002D2AFB /* StockNetworkManager.swift */,
			);
			path = Service;
			sourceTree = "<group>";
		};
		ADAF467E2AB358CD002D2AFB /* Viewmodels */ = {
			isa = PBXGroup;
			children = (
				ADAF46842AB35B29002D2AFB /* StockListViewModel.swift */,
			);
			path = Viewmodels;
			sourceTree = "<group>";
		};
		ADAF46812AB35923002D2AFB /* Models */ = {
			isa = PBXGroup;
			children = (
				ADAF46822AB3592B002D2AFB /* Stock.swift */,
			);
			path = Models;
			sourceTree = "<group>";
		};
		ADAF46862AB35C6D002D2AFB /* Views */ = {
			isa = PBXGroup;
			children = (
				ADAF468B2AB37D3D002D2AFB /* ContentView.swift */,
				ADAF468D2AB38045002D2AFB /* SearchBarView.swift */,
				ADAF46712AB358BB002D2AFB /* StockListView.swift */,
			);
			path = Views;
			sourceTree = "<group>";
		};
		ADAF46872AB37523002D2AFB /* PropertyWrapper */ = {
			isa = PBXGroup;
			children = (
				ADAF46882AB3753C002D2AFB /* UpperCaseWrapper.swift */,
			);
			path = PropertyWrapper;
			sourceTree = "<group>";
		};
/* End PBXGroup section */

/* Begin PBXNativeTarget section */
		ADAF466B2AB358BB002D2AFB /* StockApp */ = {
			isa = PBXNativeTarget;
			buildConfigurationList = ADAF467A2AB358BD002D2AFB /* Build configuration list for PBXNativeTarget "StockApp" */;
			buildPhases = (
				ADAF46682AB358BB002D2AFB /* Sources */,
				ADAF46692AB358BB002D2AFB /* Frameworks */,
				ADAF466A2AB358BB002D2AFB /* Resources */,
			);
			buildRules = (
			);
			dependencies = (
			);
			name = StockApp;
			productName = StockApp;
			productReference = ADAF466C2AB358BB002D2AFB /* StockApp.app */;
			productType = "com.apple.product-type.application";
		};
/* End PBXNativeTarget section */

/* Begin PBXProject section */
		ADAF46642AB358BB002D2AFB /* Project object */ = {
			isa = PBXProject;
			attributes = {
				BuildIndependentTargetsInParallel = 1;
				LastSwiftUpdateCheck = 1430;
				LastUpgradeCheck = 1430;
				TargetAttributes = {
					ADAF466B2AB358BB002D2AFB = {
						CreatedOnToolsVersion = 14.3;
					};
				};
			};
			buildConfigurationList = ADAF46672AB358BB002D2AFB /* Build configuration list for PBXProject "StockApp" */;
			compatibilityVersion = "Xcode 14.0";
			developmentRegion = en;
			hasScannedForEncodings = 0;
			knownRegions = (
				en,
				Base,
			);
			mainGroup = ADAF46632AB358BB002D2AFB;
			productRefGroup = ADAF466D2AB358BB002D2AFB /* Products */;
			projectDirPath = "";
			projectRoot = "";
			targets = (
				ADAF466B2AB358BB002D2AFB /* StockApp */,
			);
		};
/* End PBXProject section */

/* Begin PBXResourcesBuildPhase section */
		ADAF466A2AB358BB002D2AFB /* Resources */ = {
			isa = PBXResourcesBuildPhase;
			buildActionMask = 2147483647;
			files = (
				ADAF46772AB358BD002D2AFB /* Preview Assets.xcassets in Resources */,
				ADAF46742AB358BD002D2AFB /* Assets.xcassets in Resources */,
			);
			runOnlyForDeploymentPostprocessing = 0;
		};
/* End PBXResourcesBuildPhase section */

/* Begin PBXSourcesBuildPhase section */
		ADAF46682AB358BB002D2AFB /* Sources */ = {
			isa = PBXSourcesBuildPhase;
			buildActionMask = 2147483647;
			files = (
				ADAF46892AB3753C002D2AFB /* UpperCaseWrapper.swift in Sources */,
				ADAF46722AB358BB002D2AFB /* StockListView.swift in Sources */,
				ADAF468C2AB37D3D002D2AFB /* ContentView.swift in Sources */,
				ADAF46702AB358BB002D2AFB /* StockAppApp.swift in Sources */,
				ADAF468E2AB38045002D2AFB /* SearchBarView.swift in Sources */,
				ADAF46832AB3592B002D2AFB /* Stock.swift in Sources */,
				ADAF46802AB358ED002D2AFB /* StockNetworkManager.swift in Sources */,
				ADAF46852AB35B29002D2AFB /* StockListViewModel.swift in Sources */,
			);
			runOnlyForDeploymentPostprocessing = 0;
		};
/* End PBXSourcesBuildPhase section */

/* Begin XCBuildConfiguration section */
		ADAF46782AB358BD002D2AFB /* Debug */ = {
			isa = XCBuildConfiguration;
			buildSettings = {
				ALWAYS_SEARCH_USER_PATHS = NO;
				CLANG_ANALYZER_NONNULL = YES;
				CLANG_ANALYZER_NUMBER_OBJECT_CONVERSION = YES_AGGRESSIVE;
				CLANG_CXX_LANGUAGE_STANDARD = "gnu++20";
				CLANG_ENABLE_MODULES = YES;
				CLANG_ENABLE_OBJC_ARC = YES;
				CLANG_ENABLE_OBJC_WEAK = YES;
				CLANG_WARN_BLOCK_CAPTURE_AUTORELEASING = YES;
				CLANG_WARN_BOOL_CONVERSION = YES;
				CLANG_WARN_COMMA = YES;
				CLANG_WARN_CONSTANT_CONVERSION = YES;
				CLANG_WARN_DEPRECATED_OBJC_IMPLEMENTATIONS = YES;
				CLANG_WARN_DIRECT_OBJC_ISA_USAGE = YES_ERROR;
				CLANG_WARN_DOCUMENTATION_COMMENTS = YES;
				CLANG_WARN_EMPTY_BODY = YES;
				CLANG_WARN_ENUM_CONVERSION = YES;
				CLANG_WARN_INFINITE_RECURSION = YES;
				CLANG_WARN_INT_CONVERSION = YES;
				CLANG_WARN_NON_LITERAL_NULL_CONVERSION = YES;
				CLANG_WARN_OBJC_IMPLICIT_RETAIN_SELF = YES;
				CLANG_WARN_OBJC_LITERAL_CONVERSION = YES;
				CLANG_WARN_OBJC_ROOT_CLASS = YES_ERROR;
				CLANG_WARN_QUOTED_INCLUDE_IN_FRAMEWORK_HEADER = YES;
				CLANG_WARN_RANGE_LOOP_ANALYSIS = YES;
				CLANG_WARN_STRICT_PROTOTYPES = YES;
				CLANG_WARN_SUSPICIOUS_MOVE = YES;
				CLANG_WARN_UNGUARDED_AVAILABILITY = YES_AGGRESSIVE;
				CLANG_WARN_UNREACHABLE_CODE = YES;
				CLANG_WARN__DUPLICATE_METHOD_MATCH = YES;
				COPY_PHASE_STRIP = NO;
				DEBUG_INFORMATION_FORMAT = dwarf;
				ENABLE_STRICT_OBJC_MSGSEND = YES;
				ENABLE_TESTABILITY = YES;
				GCC_C_LANGUAGE_STANDARD = gnu11;
				GCC_DYNAMIC_NO_PIC = NO;
				GCC_NO_COMMON_BLOCKS = YES;
				GCC_OPTIMIZATION_LEVEL = 0;
				GCC_PREPROCESSOR_DEFINITIONS = (
					"DEBUG=1",
					"$(inherited)",
				);
				GCC_WARN_64_TO_32_BIT_CONVERSION = YES;
				GCC_WARN_ABOUT_RETURN_TYPE = YES_ERROR;
				GCC_WARN_UNDECLARED_SELECTOR = YES;
				GCC_WARN_UNINITIALIZED_AUTOS = YES_AGGRESSIVE;
				GCC_WARN_UNUSED_FUNCTION = YES;
				GCC_WARN_UNUSED_VARIABLE = YES;
				IPHONEOS_DEPLOYMENT_TARGET = 16.4;
				MTL_ENABLE_DEBUG_INFO = INCLUDE_SOURCE;
				MTL_FAST_MATH = YES;
				ONLY_ACTIVE_ARCH = YES;
				SDKROOT = iphoneos;
				SWIFT_ACTIVE_COMPILATION_CONDITIONS = DEBUG;
				SWIFT_OPTIMIZATION_LEVEL = "-Onone";
			};
			name = Debug;
		};
		ADAF46792AB358BD002D2AFB /* Release */ = {
			isa = XCBuildConfiguration;
			buildSettings = {
				ALWAYS_SEARCH_USER_PATHS = NO;
				CLANG_ANALYZER_NONNULL = YES;
				CLANG_ANALYZER_NUMBER_OBJECT_CONVERSION = YES_AGGRESSIVE;
				CLANG_CXX_LANGUAGE_STANDARD = "gnu++20";
				CLANG_ENABLE_MODULES = YES;
				CLANG_ENABLE_OBJC_ARC = YES;
				CLANG_ENABLE_OBJC_WEAK = YES;
				CLANG_WARN_BLOCK_CAPTURE_AUTORELEASING = YES;
				CLANG_WARN_BOOL_CONVERSION = YES;
				CLANG_WARN_COMMA = YES;
				CLANG_WARN_CONSTANT_CONVERSION = YES;
				CLANG_WARN_DEPRECATED_OBJC_IMPLEMENTATIONS = YES;
				CLANG_WARN_DIRECT_OBJC_ISA_USAGE = YES_ERROR;
				CLANG_WARN_DOCUMENTATION_COMMENTS = YES;
				CLANG_WARN_EMPTY_BODY = YES;
				CLANG_WARN_ENUM_CONVERSION = YES;
				CLANG_WARN_INFINITE_RECURSION = YES;
				CLANG_WARN_INT_CONVERSION = YES;
				CLANG_WARN_NON_LITERAL_NULL_CONVERSION = YES;
				CLANG_WARN_OBJC_IMPLICIT_RETAIN_SELF = YES;
				CLANG_WARN_OBJC_LITERAL_CONVERSION = YES;
				CLANG_WARN_OBJC_ROOT_CLASS = YES_ERROR;
				CLANG_WARN_QUOTED_INCLUDE_IN_FRAMEWORK_HEADER = YES;
				CLANG_WARN_RANGE_LOOP_ANALYSIS = YES;
				CLANG_WARN_STRICT_PROTOTYPES = YES;
				CLANG_WARN_SUSPICIOUS_MOVE = YES;
				CLANG_WARN_UNGUARDED_AVAILABILITY = YES_AGGRESSIVE;
				CLANG_WARN_UNREACHABLE_CODE = YES;
				CLANG_WARN__DUPLICATE_METHOD_MATCH = YES;
				COPY_PHASE_STRIP = NO;
				DEBUG_INFORMATION_FORMAT = "dwarf-with-dsym";
				ENABLE_NS_ASSERTIONS = NO;
				ENABLE_STRICT_OBJC_MSGSEND = YES;
				GCC_C_LANGUAGE_STANDARD = gnu11;
				GCC_NO_COMMON_BLOCKS = YES;
				GCC_WARN_64_TO_32_BIT_CONVERSION = YES;
				GCC_WARN_ABOUT_RETURN_TYPE = YES_ERROR;
				GCC_WARN_UNDECLARED_SELECTOR = YES;
				GCC_WARN_UNINITIALIZED_AUTOS = YES_AGGRESSIVE;
				GCC_WARN_UNUSED_FUNCTION = YES;
				GCC_WARN_UNUSED_VARIABLE = YES;
				IPHONEOS_DEPLOYMENT_TARGET = 16.4;
				MTL_ENABLE_DEBUG_INFO = NO;
				MTL_FAST_MATH = YES;
				SDKROOT = iphoneos;
				SWIFT_COMPILATION_MODE = wholemodule;
				SWIFT_OPTIMIZATION_LEVEL = "-O";
				VALIDATE_PRODUCT = YES;
			};
			name = Release;
		};
		ADAF467B2AB358BD002D2AFB /* Debug */ = {
			isa = XCBuildConfiguration;
			buildSettings = {
				ASSETCATALOG_COMPILER_APPICON_NAME = AppIcon;
				ASSETCATALOG_COMPILER_GLOBAL_ACCENT_COLOR_NAME = AccentColor;
				CODE_SIGN_STYLE = Automatic;
				CURRENT_PROJECT_VERSION = 1;
				DEVELOPMENT_ASSET_PATHS = "\"StockApp/Preview Content\"";
				ENABLE_PREVIEWS = YES;
				GENERATE_INFOPLIST_FILE = YES;
				INFOPLIST_KEY_UIApplicationSceneManifest_Generation = YES;
				INFOPLIST_KEY_UIApplicationSupportsIndirectInputEvents = YES;
				INFOPLIST_KEY_UILaunchScreen_Generation = YES;
				INFOPLIST_KEY_UISupportedInterfaceOrientations_iPad = "UIInterfaceOrientationPortrait UIInterfaceOrientationPortraitUpsideDown UIInterfaceOrientationLandscapeLeft UIInterfaceOrientationLandscapeRight";
				INFOPLIST_KEY_UISupportedInterfaceOrientations_iPhone = "UIInterfaceOrientationPortrait UIInterfaceOrientationLandscapeLeft UIInterfaceOrientationLandscapeRight";
				LD_RUNPATH_SEARCH_PATHS = (
					"$(inherited)",
					"@executable_path/Frameworks",
				);
				MARKETING_VERSION = 1.0;
				PRODUCT_BUNDLE_IDENTIFIER = SwiftUISample.StockApp;
				PRODUCT_NAME = "$(TARGET_NAME)";
				SWIFT_EMIT_LOC_STRINGS = YES;
				SWIFT_VERSION = 5.0;
				TARGETED_DEVICE_FAMILY = "1,2";
			};
			name = Debug;
		};
		ADAF467C2AB358BD002D2AFB /* Release */ = {
			isa = XCBuildConfiguration;
			buildSettings = {
				ASSETCATALOG_COMPILER_APPICON_NAME = AppIcon;
				ASSETCATALOG_COMPILER_GLOBAL_ACCENT_COLOR_NAME = AccentColor;
				CODE_SIGN_STYLE = Automatic;
				CURRENT_PROJECT_VERSION = 1;
				DEVELOPMENT_ASSET_PATHS = "\"StockApp/Preview Content\"";
				ENABLE_PREVIEWS = YES;
				GENERATE_INFOPLIST_FILE = YES;
				INFOPLIST_KEY_UIApplicationSceneManifest_Generation = YES;
				INFOPLIST_KEY_UIApplicationSupportsIndirectInputEvents = YES;
				INFOPLIST_KEY_UILaunchScreen_Generation = YES;
				INFOPLIST_KEY_UISupportedInterfaceOrientations_iPad = "UIInterfaceOrientationPortrait UIInterfaceOrientationPortraitUpsideDown UIInterfaceOrientationLandscapeLeft UIInterfaceOrientationLandscapeRight";
				INFOPLIST_KEY_UISupportedInterfaceOrientations_iPhone = "UIInterfaceOrientationPortrait UIInterfaceOrientationLandscapeLeft UIInterfaceOrientationLandscapeRight";
				LD_RUNPATH_SEARCH_PATHS = (
					"$(inherited)",
					"@executable_path/Frameworks",
				);
				MARKETING_VERSION = 1.0;
				PRODUCT_BUNDLE_IDENTIFIER = SwiftUISample.StockApp;
				PRODUCT_NAME = "$(TARGET_NAME)";
				SWIFT_EMIT_LOC_STRINGS = YES;
				SWIFT_VERSION = 5.0;
				TARGETED_DEVICE_FAMILY = "1,2";
			};
			name = Release;
		};
/* End XCBuildConfiguration section */

/* Begin XCConfigurationList section */
		ADAF46672AB358BB002D2AFB /* Build configuration list for PBXProject "StockApp" */ = {
			isa = XCConfigurationList;
			buildConfigurations = (
				ADAF46782AB358BD002D2AFB /* Debug */,
				ADAF46792AB358BD002D2AFB /* Release */,
			);
			defaultConfigurationIsVisible = 0;
			defaultConfigurationName = Release;
		};
		ADAF467A2AB358BD002D2AFB /* Build configuration list for PBXNativeTarget "StockApp" */ = {
			isa = XCConfigurationList;
			buildConfigurations = (
				ADAF467B2AB358BD002D2AFB /* Debug */,
				ADAF467C2AB358BD002D2AFB /* Release */,
			);
			defaultConfigurationIsVisible = 0;
			defaultConfigurationName = Release;
		};
/* End XCConfigurationList section */
	};
	rootObject = ADAF46642AB358BB002D2AFB /* Project object */;
}
